
Microsoft Visual Studio Solution File, Format Version 12.00
# Visual Studio Version 17
VisualStudioVersion = 17.11.35303.130
MinimumVisualStudioVersion = 10.0.40219.1
Project("{FAE04EC0-301F-11D3-BF4B-00C04F79EFBC}") = "Task21_1", "Task21_1.csproj", "{3D7E990C-F83B-40F2-9E4F-CEEB4A36917A}"
EndProject
Global
	GlobalSection(SolutionConfigurationPlatforms) = preSolution
		Debug|Any CPU = Debug|Any CPU
		Release|Any CPU = Release|Any CPU
	EndGlobalSection
	GlobalSection(ProjectConfigurationPlatforms) = postSolution
		{3D7E990C-F83B-40F2-9E4F-CEEB4A36917A}.Debug|Any CPU.ActiveCfg = Debug|Any CPU
		{3D7E990C-F83B-40F2-9E4F-CEEB4A36917A}.Debug|Any CPU.Build.0 = Debug|Any CPU
		{3D7E990C-F83B-40F2-9E4F-CEEB4A36917A}.Release|Any CPU.ActiveCfg = Release|Any CPU
		{3D7E990C-F83B-40F2-9E4F-CEEB4A36917A}.Release|Any CPU.Build.0 = Release|Any CPU
	EndGlobalSection
	GlobalSection(SolutionProperties) = preSolution
		HideSolutionNode = FALSE
	EndGlobalSection
	GlobalSection(ExtensibilityGlobals) = postSolution
		SolutionGuid = {0DE8A14B-2B7C-48D2-AEAE-EC11D178F0AF}
	EndGlobalSection
EndGlobal
